
Microsoft Visual Studio Solution File, Format Version 12.00
Project("{FAE04EC0-301F-11D3-BF4B-00C04F79EFBC}") = "TextEditor", "TextEditor\TextEditor.csproj", "{4617C280-0A2A-48F7-B208-F06E5320501C}"
EndProject
Project("{FAE04EC0-301F-11D3-BF4B-00C04F79EFBC}") = "TextEditorTests", "TextEditorTests\TextEditorTests.csproj", "{66414694-FBDF-44FA-81F7-16E61699FF58}"
EndProject
Global
	GlobalSection(SolutionConfigurationPlatforms) = preSolution
		Debug|Any CPU = Debug|Any CPU
		Release|Any CPU = Release|Any CPU
	EndGlobalSection
	GlobalSection(ProjectConfigurationPlatforms) = postSolution
		{4617C280-0A2A-48F7-B208-F06E5320501C}.Debug|Any CPU.ActiveCfg = Debug|Any CPU
		{4617C280-0A2A-48F7-B208-F06E5320501C}.Debug|Any CPU.Build.0 = Debug|Any CPU
		{4617C280-0A2A-48F7-B208-F06E5320501C}.Release|Any CPU.ActiveCfg = Release|Any CPU
		{4617C280-0A2A-48F7-B208-F06E5320501C}.Release|Any CPU.Build.0 = Release|Any CPU
		{66414694-FBDF-44FA-81F7-16E61699FF58}.Debug|Any CPU.ActiveCfg = Debug|Any CPU
		{66414694-FBDF-44FA-81F7-16E61699FF58}.Debug|Any CPU.Build.0 = Debug|Any CPU
		{66414694-FBDF-44FA-81F7-16E61699FF58}.Release|Any CPU.ActiveCfg = Release|Any CPU
		{66414694-FBDF-44FA-81F7-16E61699FF58}.Release|Any CPU.Build.0 = Release|Any CPU
	EndGlobalSection
EndGlobal
